// !$*UTF8*$!
{
	archiveVersion = 1;
	classes = {
	};
	objectVersion = 56;
	objects = {

/* Begin PBXBuildFile section */
		AA000000000000000000002B /* AlmondApp.swift in Sources */ = {isa = PBXBuildFile; fileRef = AA0000000000000000000018 /* AlmondApp.swift */; };
		AA000000000000000000002C /* ContentView.swift in Sources */ = {isa = PBXBuildFile; fileRef = AA0000000000000000000019 /* ContentView.swift */; };
		AA000000000000000000002D /* WelcomeView.swift in Sources */ = {isa = PBXBuildFile; fileRef = AA000000000000000000001A /* WelcomeView.swift */; };
		AA0000000000000000000030 /* OnboardingView.swift in Sources */ = {isa = PBXBuildFile; fileRef = AA000000000000000000001D /* OnboardingView.swift */; };
		AA0000000000000000000031 /* OnboardingViewModel.swift in Sources */ = {isa = PBXBuildFile; fileRef = AA000000000000000000001E /* OnboardingViewModel.swift */; };
		AA0000000000000000000032 /* HealthKitManager.swift in Sources */ = {isa = PBXBuildFile; fileRef = AA000000000000000000001F /* HealthKitManager.swift */; };
		AA0000000000000000000033 /* BackgroundSync.swift in Sources */ = {isa = PBXBuildFile; fileRef = AA0000000000000000000020 /* BackgroundSync.swift */; };
		AA0000000000000000000034 /* DashboardView.swift in Sources */ = {isa = PBXBuildFile; fileRef = AA0000000000000000000021 /* DashboardView.swift */; };
		AA0000000000000000000035 /* ScoresView.swift in Sources */ = {isa = PBXBuildFile; fileRef = AA0000000000000000000022 /* ScoresView.swift */; };
		AA0000000000000000000036 /* RecommendationView.swift in Sources */ = {isa = PBXBuildFile; fileRef = AA0000000000000000000023 /* RecommendationView.swift */; };
		AA0000000000000000000037 /* HistoryChartView.swift in Sources */ = {isa = PBXBuildFile; fileRef = AA0000000000000000000024 /* HistoryChartView.swift */; };
		AA0000000000000000000038 /* DashboardViewModel.swift in Sources */ = {isa = PBXBuildFile; fileRef = AA0000000000000000000025 /* DashboardViewModel.swift */; };
		AA0000000000000000000039 /* APIClient.swift in Sources */ = {isa = PBXBuildFile; fileRef = AA0000000000000000000026 /* APIClient.swift */; };
		AA000000000000000000003A /* APIModels.swift in Sources */ = {isa = PBXBuildFile; fileRef = AA0000000000000000000027 /* APIModels.swift */; };
		AA000000000000000000003B /* Assets.xcassets in Resources */ = {isa = PBXBuildFile; fileRef = AA0000000000000000000015 /* Assets.xcassets */; };
		AA000000000000000000003C /* HealthKit.framework in Frameworks */ = {isa = PBXBuildFile; fileRef = AA0000000000000000000028 /* HealthKit.framework */; };
		AA000000000000000000003D /* AuthenticationServices.framework in Frameworks */ = {isa = PBXBuildFile; fileRef = AA0000000000000000000029 /* AuthenticationServices.framework */; };
		AA000000000000000000003E /* BackgroundTasks.framework in Frameworks */ = {isa = PBXBuildFile; fileRef = AA000000000000000000002A /* BackgroundTasks.framework */; };
		AA0000000000000000000041 /* Preview Assets.xcassets in Resources */ = {isa = PBXBuildFile; fileRef = AA000000000000000000003F /* Preview Assets.xcassets */; };
		AA0000000000000000000044 /* ProfileView.swift in Sources */ = {isa = PBXBuildFile; fileRef = AA0000000000000000000043 /* ProfileView.swift */; };
		AA0000000000000000000046 /* Color+Almond.swift in Sources */ = {isa = PBXBuildFile; fileRef = AA0000000000000000000045 /* Color+Almond.swift */; };
		CC000000000000000000CC02 /* KeychainHelper.swift in Sources */ = {isa = PBXBuildFile; fileRef = CC000000000000000000CC01 /* KeychainHelper.swift */; };
		CC000000000000000000CC04 /* AuthManager.swift in Sources */ = {isa = PBXBuildFile; fileRef = CC000000000000000000CC03 /* AuthManager.swift */; };
		CC000000000000000000CC06 /* APIRiskViewModel.swift in Sources */ = {isa = PBXBuildFile; fileRef = CC000000000000000000CC05 /* APIRiskViewModel.swift */; };
		CC000000000000000000CC08 /* RiskDashboardView.swift in Sources */ = {isa = PBXBuildFile; fileRef = CC000000000000000000CC07 /* RiskDashboardView.swift */; };
/* End PBXBuildFile section */

/* Begin PBXFileReference section */
		AA0000000000000000000014 /* Almond.app */ = {isa = PBXFileReference; explicitFileType = wrapper.application; includeInIndex = 0; path = Almond.app; sourceTree = BUILT_PRODUCTS_DIR; };
		AA0000000000000000000015 /* Assets.xcassets */ = {isa = PBXFileReference; lastKnownFileType = folder.assetcatalog; path = Assets.xcassets; sourceTree = "<group>"; };
		AA0000000000000000000016 /* Info.plist */ = {isa = PBXFileReference; lastKnownFileType = text.plist.xml; path = Info.plist; sourceTree = "<group>"; };
		AA0000000000000000000017 /* Almond.entitlements */ = {isa = PBXFileReference; lastKnownFileType = text.plist.entitlements; path = Almond.entitlements; sourceTree = "<group>"; };
		AA0000000000000000000018 /* AlmondApp.swift */ = {isa = PBXFileReference; lastKnownFileType = sourcecode.swift; path = AlmondApp.swift; sourceTree = "<group>"; };
		AA0000000000000000000019 /* ContentView.swift */ = {isa = PBXFileReference; lastKnownFileType = sourcecode.swift; path = ContentView.swift; sourceTree = "<group>"; };
		AA000000000000000000001A /* WelcomeView.swift */ = {isa = PBXFileReference; lastKnownFileType = sourcecode.swift; path = WelcomeView.swift; sourceTree = "<group>"; };
		AA000000000000000000001D /* OnboardingView.swift */ = {isa = PBXFileReference; lastKnownFileType = sourcecode.swift; path = OnboardingView.swift; sourceTree = "<group>"; };
		AA000000000000000000001E /* OnboardingViewModel.swift */ = {isa = PBXFileReference; lastKnownFileType = sourcecode.swift; path = OnboardingViewModel.swift; sourceTree = "<group>"; };
		AA000000000000000000001F /* HealthKitManager.swift */ = {isa = PBXFileReference; lastKnownFileType = sourcecode.swift; path = HealthKitManager.swift; sourceTree = "<group>"; };
		AA0000000000000000000020 /* BackgroundSync.swift */ = {isa = PBXFileReference; lastKnownFileType = sourcecode.swift; path = BackgroundSync.swift; sourceTree = "<group>"; };
		AA0000000000000000000021 /* DashboardView.swift */ = {isa = PBXFileReference; lastKnownFileType = sourcecode.swift; path = DashboardView.swift; sourceTree = "<group>"; };
		AA0000000000000000000022 /* ScoresView.swift */ = {isa = PBXFileReference; lastKnownFileType = sourcecode.swift; path = ScoresView.swift; sourceTree = "<group>"; };
		AA0000000000000000000023 /* RecommendationView.swift */ = {isa = PBXFileReference; lastKnownFileType = sourcecode.swift; path = RecommendationView.swift; sourceTree = "<group>"; };
		AA0000000000000000000024 /* HistoryChartView.swift */ = {isa = PBXFileReference; lastKnownFileType = sourcecode.swift; path = HistoryChartView.swift; sourceTree = "<group>"; };
		AA0000000000000000000025 /* DashboardViewModel.swift */ = {isa = PBXFileReference; lastKnownFileType = sourcecode.swift; path = DashboardViewModel.swift; sourceTree = "<group>"; };
		AA0000000000000000000026 /* APIClient.swift */ = {isa = PBXFileReference; lastKnownFileType = sourcecode.swift; path = APIClient.swift; sourceTree = "<group>"; };
		AA0000000000000000000027 /* APIModels.swift */ = {isa = PBXFileReference; lastKnownFileType = sourcecode.swift; path = APIModels.swift; sourceTree = "<group>"; };
		AA0000000000000000000028 /* HealthKit.framework */ = {isa = PBXFileReference; lastKnownFileType = wrapper.framework; name = HealthKit.framework; path = System/Library/Frameworks/HealthKit.framework; sourceTree = SDKROOT; };
		AA0000000000000000000029 /* AuthenticationServices.framework */ = {isa = PBXFileReference; lastKnownFileType = wrapper.framework; name = AuthenticationServices.framework; path = System/Library/Frameworks/AuthenticationServices.framework; sourceTree = SDKROOT; };
		AA000000000000000000002A /* BackgroundTasks.framework */ = {isa = PBXFileReference; lastKnownFileType = wrapper.framework; name = BackgroundTasks.framework; path = System/Library/Frameworks/BackgroundTasks.framework; sourceTree = SDKROOT; };
		AA000000000000000000003F /* Preview Assets.xcassets */ = {isa = PBXFileReference; lastKnownFileType = folder.assetcatalog; path = "Preview Assets.xcassets"; sourceTree = "<group>"; };
		AA0000000000000000000043 /* ProfileView.swift */ = {isa = PBXFileReference; lastKnownFileType = sourcecode.swift; path = ProfileView.swift; sourceTree = "<group>"; };
		AA0000000000000000000045 /* Color+Almond.swift */ = {isa = PBXFileReference; lastKnownFileType = sourcecode.swift; path = "Color+Almond.swift"; sourceTree = "<group>"; };
		CC000000000000000000CC01 /* KeychainHelper.swift */ = {isa = PBXFileReference; lastKnownFileType = sourcecode.swift; path = KeychainHelper.swift; sourceTree = "<group>"; };
		CC000000000000000000CC03 /* AuthManager.swift */ = {isa = PBXFileReference; lastKnownFileType = sourcecode.swift; path = AuthManager.swift; sourceTree = "<group>"; };
		CC000000000000000000CC05 /* APIRiskViewModel.swift */ = {isa = PBXFileReference; lastKnownFileType = sourcecode.swift; path = APIRiskViewModel.swift; sourceTree = "<group>"; };
		CC000000000000000000CC07 /* RiskDashboardView.swift */ = {isa = PBXFileReference; lastKnownFileType = sourcecode.swift; path = RiskDashboardView.swift; sourceTree = "<group>"; };
/* End PBXFileReference section */

/* Begin PBXFrameworksBuildPhase section */
		AA0000000000000000000012 /* Frameworks */ = {
			isa = PBXFrameworksBuildPhase;
			buildActionMask = 2147483647;
			files = (
				AA000000000000000000003C /* HealthKit.framework in Frameworks */,
				AA000000000000000000003D /* AuthenticationServices.framework in Frameworks */,
				AA000000000000000000003E /* BackgroundTasks.framework in Frameworks */,
			);
			runOnlyForDeploymentPostprocessing = 0;
		};
/* End PBXFrameworksBuildPhase section */

/* Begin PBXGroup section */
		AA0000000000000000000002 = {
			isa = PBXGroup;
			children = (
				AA0000000000000000000004 /* Almond */,
				AA0000000000000000000003 /* Products */,
				AA0000000000000000000042 /* Frameworks */,
			);
			sourceTree = "<group>";
		};
		AA0000000000000000000003 /* Products */ = {
			isa = PBXGroup;
			children = (
				AA0000000000000000000014 /* Almond.app */,
			);
			name = Products;
			sourceTree = "<group>";
		};
		AA0000000000000000000004 /* Almond */ = {
			isa = PBXGroup;
			children = (
				AA0000000000000000000018 /* AlmondApp.swift */,
				AA0000000000000000000019 /* ContentView.swift */,
				AA0000000000000000000005 /* Auth */,
				AA0000000000000000000006 /* Onboarding */,
				AA0000000000000000000007 /* HealthKit */,
				AA0000000000000000000008 /* Dashboard */,
				AA0000000000000000000009 /* Networking */,
				AA0000000000000000000015 /* Assets.xcassets */,
				AA0000000000000000000017 /* Almond.entitlements */,
				AA0000000000000000000016 /* Info.plist */,
				AA0000000000000000000047 /* Design */,
				AA0000000000000000000040 /* Preview Content */,
			);
			path = Almond;
			sourceTree = "<group>";
		};
		AA0000000000000000000005 /* Auth */ = {
			isa = PBXGroup;
			children = (
				AA000000000000000000001A /* WelcomeView.swift */,
				CC000000000000000000CC03 /* AuthManager.swift */,
				CC000000000000000000CC01 /* KeychainHelper.swift */,
			);
			path = Auth;
			sourceTree = "<group>";
		};
		AA0000000000000000000006 /* Onboarding */ = {
			isa = PBXGroup;
			children = (
				AA000000000000000000001D /* OnboardingView.swift */,
				AA000000000000000000001E /* OnboardingViewModel.swift */,
			);
			path = Onboarding;
			sourceTree = "<group>";
		};
		AA0000000000000000000007 /* HealthKit */ = {
			isa = PBXGroup;
			children = (
				AA000000000000000000001F /* HealthKitManager.swift */,
				AA0000000000000000000020 /* BackgroundSync.swift */,
			);
			path = HealthKit;
			sourceTree = "<group>";
		};
		AA0000000000000000000008 /* Dashboard */ = {
			isa = PBXGroup;
			children = (
				AA0000000000000000000021 /* DashboardView.swift */,
				AA0000000000000000000025 /* DashboardViewModel.swift */,
				CC000000000000000000CC05 /* APIRiskViewModel.swift */,
				CC000000000000000000CC07 /* RiskDashboardView.swift */,
				AA0000000000000000000022 /* ScoresView.swift */,
				AA0000000000000000000023 /* RecommendationView.swift */,
				AA0000000000000000000024 /* HistoryChartView.swift */,
				AA0000000000000000000043 /* ProfileView.swift */,
			);
			path = Dashboard;
			sourceTree = "<group>";
		};
		AA0000000000000000000009 /* Networking */ = {
			isa = PBXGroup;
			children = (
				AA0000000000000000000026 /* APIClient.swift */,
				AA0000000000000000000027 /* APIModels.swift */,
			);
			path = Networking;
			sourceTree = "<group>";
		};
		AA0000000000000000000047 /* Design */ = {
			isa = PBXGroup;
			children = (
				AA0000000000000000000045 /* Color+Almond.swift */,
			);
			path = Design;
			sourceTree = "<group>";
		};
		AA0000000000000000000040 /* Preview Content */ = {
			isa = PBXGroup;
			children = (
				AA000000000000000000003F /* Preview Assets.xcassets */,
			);
			path = "Preview Content";
			sourceTree = "<group>";
		};
		AA0000000000000000000042 /* Frameworks */ = {
			isa = PBXGroup;
			children = (
				AA0000000000000000000028 /* HealthKit.framework */,
				AA0000000000000000000029 /* AuthenticationServices.framework */,
				AA000000000000000000002A /* BackgroundTasks.framework */,
			);
			name = Frameworks;
			sourceTree = "<group>";
		};
/* End PBXGroup section */

/* Begin PBXNativeTarget section */
		AA000000000000000000000A /* Almond */ = {
			isa = PBXNativeTarget;
			buildConfigurationList = AA000000000000000000000C /* Build configuration list for PBXNativeTarget "Almond" */;
			buildPhases = (
				AA0000000000000000000011 /* Sources */,
				AA0000000000000000000012 /* Frameworks */,
				AA0000000000000000000013 /* Resources */,
			);
			buildRules = (
			);
			dependencies = (
			);
			name = Almond;
			productName = Almond;
			productReference = AA0000000000000000000014 /* Almond.app */;
			productType = "com.apple.product-type.application";
		};
/* End PBXNativeTarget section */

/* Begin PBXProject section */
		AA0000000000000000000001 /* Project object */ = {
			isa = PBXProject;
			attributes = {
				BuildIndependentTargetsInParallel = 1;
				LastSwiftUpdateCheck = 1500;
				LastUpgradeCheck = 1500;
				TargetAttributes = {
					AA000000000000000000000A = {
						CreatedOnToolsVersion = 15.0;
					};
				};
			};
			buildConfigurationList = AA000000000000000000000B /* Build configuration list for PBXProject "Almond" */;
			compatibilityVersion = "Xcode 14.0";
			developmentRegion = en;
			hasScannedForEncodings = 0;
			knownRegions = (
				en,
				Base,
			);
			mainGroup = AA0000000000000000000002;
			productRefGroup = AA0000000000000000000003 /* Products */;
			projectDirPath = "";
			projectRoot = "";
			targets = (
				AA000000000000000000000A /* Almond */,
			);
		};
/* End PBXProject section */

/* Begin PBXResourcesBuildPhase section */
		AA0000000000000000000013 /* Resources */ = {
			isa = PBXResourcesBuildPhase;
			buildActionMask = 2147483647;
			files = (
				AA000000000000000000003B /* Assets.xcassets in Resources */,
				AA0000000000000000000041 /* Preview Assets.xcassets in Resources */,
			);
			runOnlyForDeploymentPostprocessing = 0;
		};
/* End PBXResourcesBuildPhase section */

/* Begin PBXSourcesBuildPhase section */
		AA0000000000000000000011 /* Sources */ = {
			isa = PBXSourcesBuildPhase;
			buildActionMask = 2147483647;
			files = (
				AA000000000000000000002B /* AlmondApp.swift in Sources */,
				AA000000000000000000002C /* ContentView.swift in Sources */,
				AA000000000000000000002D /* WelcomeView.swift in Sources */,
				AA0000000000000000000030 /* OnboardingView.swift in Sources */,
				AA0000000000000000000031 /* OnboardingViewModel.swift in Sources */,
				AA0000000000000000000032 /* HealthKitManager.swift in Sources */,
				AA0000000000000000000033 /* BackgroundSync.swift in Sources */,
				AA0000000000000000000034 /* DashboardView.swift in Sources */,
				AA0000000000000000000035 /* ScoresView.swift in Sources */,
				AA0000000000000000000036 /* RecommendationView.swift in Sources */,
				AA0000000000000000000037 /* HistoryChartView.swift in Sources */,
				AA0000000000000000000038 /* DashboardViewModel.swift in Sources */,
				AA0000000000000000000039 /* APIClient.swift in Sources */,
				AA000000000000000000003A /* APIModels.swift in Sources */,
				AA0000000000000000000044 /* ProfileView.swift in Sources */,
				AA0000000000000000000046 /* Color+Almond.swift in Sources */,
				CC000000000000000000CC02 /* KeychainHelper.swift in Sources */,
				CC000000000000000000CC04 /* AuthManager.swift in Sources */,
				CC000000000000000000CC06 /* APIRiskViewModel.swift in Sources */,
				CC000000000000000000CC08 /* RiskDashboardView.swift in Sources */,
			);
			runOnlyForDeploymentPostprocessing = 0;
		};
/* End PBXSourcesBuildPhase section */

/* Begin XCBuildConfiguration section */
		AA000000000000000000000D /* Debug */ = {
			isa = XCBuildConfiguration;
			buildSettings = {
				ALWAYS_SEARCH_USER_PATHS = NO;
				ASSETCATALOG_COMPILER_GENERATE_SWIFT_ASSET_SYMBOL_EXTENSIONS = YES;
				CLANG_ANALYZER_NONNULL = YES;
				CLANG_ANALYZER_NUMBER_OBJECT_CONVERSION = YES_AGGRESSIVE;
				CLANG_CXX_LANGUAGE_STANDARD = "gnu++20";
				CLANG_ENABLE_MODULES = YES;
				CLANG_ENABLE_OBJC_ARC = YES;
				CLANG_ENABLE_OBJC_WEAK = YES;
				CLANG_WARN_BLOCK_CAPTURE_AUTORELEASING = YES;
				CLANG_WARN_BOOL_CONVERSION = YES;
				CLANG_WARN_COMMA = YES;
				CLANG_WARN_CONSTANT_CONVERSION = YES;
				CLANG_WARN_DEPRECATED_OBJC_IMPLEMENTATIONS = YES;
				CLANG_WARN_DIRECT_OBJC_ISA_USAGE = YES_ERROR;
				CLANG_WARN_DOCUMENTATION_COMMENTS = YES;
				CLANG_WARN_EMPTY_BODY = YES;
				CLANG_WARN_ENUM_CONVERSION = YES;
				CLANG_WARN_INFINITE_RECURSION = YES;
				CLANG_WARN_INT_CONVERSION = YES;
				CLANG_WARN_NON_LITERAL_NULL_CONVERSION = YES;
				CLANG_WARN_OBJC_IMPLICIT_RETAIN_SELF = YES;
				CLANG_WARN_OBJC_LITERAL_CONVERSION = YES;
				CLANG_WARN_OBJC_ROOT_CLASS = YES_ERROR;
				CLANG_WARN_QUOTED_INCLUDE_IN_FRAMEWORK_HEADER = YES;
				CLANG_WARN_RANGE_LOOP_ANALYSIS = YES;
				CLANG_WARN_STRICT_PROTOTYPES = YES;
				CLANG_WARN_SUSPICIOUS_MOVE = YES;
				CLANG_WARN_UNGUARDED_AVAILABILITY = YES_AGGRESSIVE;
				CLANG_WARN_UNREACHABLE_CODE = YES;
				CLANG_WARN__DUPLICATE_METHOD_MATCH = YES;
				COPY_PHASE_STRIP = NO;
				DEBUG_INFORMATION_FORMAT = dwarf;
				ENABLE_STRICT_OBJC_MSGSEND = YES;
				ENABLE_TESTABILITY = YES;
				ENABLE_USER_SCRIPT_SANDBOXING = YES;
				GCC_C_LANGUAGE_STANDARD = gnu17;
				GCC_DYNAMIC_NO_PIC = NO;
				GCC_NO_COMMON_BLOCKS = YES;
				GCC_OPTIMIZATION_LEVEL = 0;
				GCC_PREPROCESSOR_DEFINITIONS = (
					"DEBUG=1",
					"$(inherited)",
				);
				GCC_WARN_64_TO_32_BIT_CONVERSION = YES;
				GCC_WARN_ABOUT_RETURN_TYPE = YES_ERROR;
				GCC_WARN_UNDECLARED_SELECTOR = YES;
				GCC_WARN_UNINITIALIZED_AUTOS = YES_AGGRESSIVE;
				GCC_WARN_UNUSED_FUNCTION = YES;
				GCC_WARN_UNUSED_VARIABLE = YES;
				IPHONEOS_DEPLOYMENT_TARGET = 17.0;
				LOCALIZATION_PREFERS_STRING_CATALOGS = YES;
				MTL_ENABLE_DEBUG_INFO = INCLUDE_SOURCE;
				MTL_FAST_MATH = YES;
				ONLY_ACTIVE_ARCH = YES;
				SDKROOT = iphoneos;
				SWIFT_ACTIVE_COMPILATION_CONDITIONS = "DEBUG $(inherited)";
				SWIFT_OPTIMIZATION_LEVEL = "-Onone";
			};
			name = Debug;
		};
		AA000000000000000000000E /* Release */ = {
			isa = XCBuildConfiguration;
			buildSettings = {
				ALWAYS_SEARCH_USER_PATHS = NO;
				ASSETCATALOG_COMPILER_GENERATE_SWIFT_ASSET_SYMBOL_EXTENSIONS = YES;
				CLANG_ANALYZER_NONNULL = YES;
				CLANG_ANALYZER_NUMBER_OBJECT_CONVERSION = YES_AGGRESSIVE;
				CLANG_CXX_LANGUAGE_STANDARD = "gnu++20";
				CLANG_ENABLE_MODULES = YES;
				CLANG_ENABLE_OBJC_ARC = YES;
				CLANG_ENABLE_OBJC_WEAK = YES;
				CLANG_WARN_BLOCK_CAPTURE_AUTORELEASING = YES;
				CLANG_WARN_BOOL_CONVERSION = YES;
				CLANG_WARN_COMMA = YES;
				CLANG_WARN_CONSTANT_CONVERSION = YES;
				CLANG_WARN_DEPRECATED_OBJC_IMPLEMENTATIONS = YES;
				CLANG_WARN_DIRECT_OBJC_ISA_USAGE = YES_ERROR;
				CLANG_WARN_DOCUMENTATION_COMMENTS = YES;
				CLANG_WARN_EMPTY_BODY = YES;
				CLANG_WARN_ENUM_CONVERSION = YES;
				CLANG_WARN_INFINITE_RECURSION = YES;
				CLANG_WARN_INT_CONVERSION = YES;
				CLANG_WARN_NON_LITERAL_NULL_CONVERSION = YES;
				CLANG_WARN_OBJC_IMPLICIT_RETAIN_SELF = YES;
				CLANG_WARN_OBJC_LITERAL_CONVERSION = YES;
				CLANG_WARN_OBJC_ROOT_CLASS = YES_ERROR;
				CLANG_WARN_QUOTED_INCLUDE_IN_FRAMEWORK_HEADER = YES;
				CLANG_WARN_RANGE_LOOP_ANALYSIS = YES;
				CLANG_WARN_STRICT_PROTOTYPES = YES;
				CLANG_WARN_SUSPICIOUS_MOVE = YES;
				CLANG_WARN_UNGUARDED_AVAILABILITY = YES_AGGRESSIVE;
				CLANG_WARN_UNREACHABLE_CODE = YES;
				CLANG_WARN__DUPLICATE_METHOD_MATCH = YES;
				COPY_PHASE_STRIP = NO;
				DEBUG_INFORMATION_FORMAT = "dwarf-with-dsym";
				ENABLE_NS_ASSERTIONS = NO;
				ENABLE_STRICT_OBJC_MSGSEND = YES;
				ENABLE_USER_SCRIPT_SANDBOXING = YES;
				GCC_C_LANGUAGE_STANDARD = gnu17;
				GCC_NO_COMMON_BLOCKS = YES;
				GCC_WARN_64_TO_32_BIT_CONVERSION = YES;
				GCC_WARN_ABOUT_RETURN_TYPE = YES_ERROR;
				GCC_WARN_UNDECLARED_SELECTOR = YES;
				GCC_WARN_UNINITIALIZED_AUTOS = YES_AGGRESSIVE;
				GCC_WARN_UNUSED_FUNCTION = YES;
				GCC_WARN_UNUSED_VARIABLE = YES;
				IPHONEOS_DEPLOYMENT_TARGET = 17.0;
				LOCALIZATION_PREFERS_STRING_CATALOGS = YES;
				MTL_FAST_MATH = YES;
				SDKROOT = iphoneos;
				SWIFT_COMPILATION_MODE = wholemodule;
				SWIFT_OPTIMIZATION_LEVEL = "-O";
				VALIDATE_PRODUCT = YES;
			};
			name = Release;
		};
		AA000000000000000000000F /* Debug */ = {
			isa = XCBuildConfiguration;
			buildSettings = {
				ASSETCATALOG_COMPILER_APPICON_NAME = AppIcon;
				ASSETCATALOG_COMPILER_GLOBAL_ACCENT_COLOR_NAME = AccentColor;
				CODE_SIGN_ENTITLEMENTS = Almond/Almond.entitlements;
				CODE_SIGN_STYLE = Automatic;
				CURRENT_PROJECT_VERSION = 1;
				DEVELOPMENT_ASSET_PATHS = "\"Almond/Preview Content\"";
				DEVELOPMENT_TEAM = 3H7M5844M3;
				ENABLE_PREVIEWS = YES;
				GENERATE_INFOPLIST_FILE = NO;
				INFOPLIST_FILE = Almond/Info.plist;
				IPHONEOS_DEPLOYMENT_TARGET = 17.0;
				LD_RUNPATH_SEARCH_PATHS = (
					"$(inherited)",
					"@executable_path/Frameworks",
				);
				MARKETING_VERSION = 1.0;
				PRODUCT_BUNDLE_IDENTIFIER = com.dorukyilalmond.app;
				PRODUCT_NAME = "$(TARGET_NAME)";
				SWIFT_EMIT_LOC_STRINGS = YES;
				SWIFT_VERSION = 5.9;
				TARGETED_DEVICE_FAMILY = 1;
			};
			name = Debug;
		};
		AA0000000000000000000010 /* Release */ = {
			isa = XCBuildConfiguration;
			buildSettings = {
				ASSETCATALOG_COMPILER_APPICON_NAME = AppIcon;
				ASSETCATALOG_COMPILER_GLOBAL_ACCENT_COLOR_NAME = AccentColor;
				CODE_SIGN_ENTITLEMENTS = Almond/Almond.entitlements;
				CODE_SIGN_STYLE = Automatic;
				CURRENT_PROJECT_VERSION = 1;
				DEVELOPMENT_ASSET_PATHS = "\"Almond/Preview Content\"";
				DEVELOPMENT_TEAM = 3H7M5844M3;
				ENABLE_PREVIEWS = YES;
				GENERATE_INFOPLIST_FILE = NO;
				INFOPLIST_FILE = Almond/Info.plist;
				IPHONEOS_DEPLOYMENT_TARGET = 17.0;
				LD_RUNPATH_SEARCH_PATHS = (
					"$(inherited)",
					"@executable_path/Frameworks",
				);
				MARKETING_VERSION = 1.0;
				PRODUCT_BUNDLE_IDENTIFIER = com.dorukyilalmond.app;
				PRODUCT_NAME = "$(TARGET_NAME)";
				SWIFT_EMIT_LOC_STRINGS = YES;
				SWIFT_VERSION = 5.9;
				TARGETED_DEVICE_FAMILY = 1;
			};
			name = Release;
		};
/* End XCBuildConfiguration section */

/* Begin XCConfigurationList section */
		AA000000000000000000000B /* Build configuration list for PBXProject "Almond" */ = {
			isa = XCConfigurationList;
			buildConfigurations = (
				AA000000000000000000000D /* Debug */,
				AA000000000000000000000E /* Release */,
			);
			defaultConfigurationIsVisible = 0;
			defaultConfigurationName = Release;
		};
		AA000000000000000000000C /* Build configuration list for PBXNativeTarget "Almond" */ = {
			isa = XCConfigurationList;
			buildConfigurations = (
				AA000000000000000000000F /* Debug */,
				AA0000000000000000000010 /* Release */,
			);
			defaultConfigurationIsVisible = 0;
			defaultConfigurationName = Release;
		};
/* End XCConfigurationList section */
	};
	rootObject = AA0000000000000000000001 /* Project object */;
}
